<Solution>
  <Folder Name="/src/">
    <Project Path="src/BlogPlatform.Application/BlogPlatform.Application.csproj" />
    <Project Path="src/BlogPlatform.Domain/BlogPlatform.Domain.csproj" />
    <Project Path="src/BlogPlatform.Infrastructure/BlogPlatform.Infrastructure.csproj" />
    <Project Path="src/BlogPlatform.Presentation/BlogPlatform.Presentation.csproj" />
  </Folder>
  <Folder Name="/tests/">
    <Project Path="tests/BlogPlatform.Tests.Unit/BlogPlatform.Tests.Unit.csproj" />
  </Folder>
</Solution>
